
Microsoft Visual Studio Solution File, Format Version 12.00
# Visual Studio Version 16
VisualStudioVersion = 16.0.30804.86
MinimumVisualStudioVersion = 10.0.40219.1
Project("{9A19103F-16F7-4668-BE54-9A1E7A4F7556}") = "todoazure.Common", "todoazure.Common\todoazure.Common.csproj", "{9CD13810-2B49-4FB1-9EF7-8D6FA4E97D51}"
EndProject
Project("{9A19103F-16F7-4668-BE54-9A1E7A4F7556}") = "todoazure.Functions", "todoazure.Functions\todoazure.Functions.csproj", "{FBB46A0A-D8D7-40E9-8184-80A3312ACA3D}"
EndProject
Project("{9A19103F-16F7-4668-BE54-9A1E7A4F7556}") = "todoazure.tests", "todoazure.tests\todoazure.tests.csproj", "{899498D0-DB51-4AC1-BC62-1FDA5BDD7743}"
EndProject
Global
	GlobalSection(SolutionConfigurationPlatforms) = preSolution
		Debug|Any CPU = Debug|Any CPU
		Release|Any CPU = Release|Any CPU
	EndGlobalSection
	GlobalSection(ProjectConfigurationPlatforms) = postSolution
		{9CD13810-2B49-4FB1-9EF7-8D6FA4E97D51}.Debug|Any CPU.ActiveCfg = Debug|Any CPU
		{9CD13810-2B49-4FB1-9EF7-8D6FA4E97D51}.Debug|Any CPU.Build.0 = Debug|Any CPU
		{9CD13810-2B49-4FB1-9EF7-8D6FA4E97D51}.Release|Any CPU.ActiveCfg = Release|Any CPU
		{9CD13810-2B49-4FB1-9EF7-8D6FA4E97D51}.Release|Any CPU.Build.0 = Release|Any CPU
		{FBB46A0A-D8D7-40E9-8184-80A3312ACA3D}.Debug|Any CPU.ActiveCfg = Debug|Any CPU
		{FBB46A0A-D8D7-40E9-8184-80A3312ACA3D}.Debug|Any CPU.Build.0 = Debug|Any CPU
		{FBB46A0A-D8D7-40E9-8184-80A3312ACA3D}.Release|Any CPU.ActiveCfg = Release|Any CPU
		{FBB46A0A-D8D7-40E9-8184-80A3312ACA3D}.Release|Any CPU.Build.0 = Release|Any CPU
		{899498D0-DB51-4AC1-BC62-1FDA5BDD7743}.Debug|Any CPU.ActiveCfg = Debug|Any CPU
		{899498D0-DB51-4AC1-BC62-1FDA5BDD7743}.Debug|Any CPU.Build.0 = Debug|Any CPU
		{899498D0-DB51-4AC1-BC62-1FDA5BDD7743}.Release|Any CPU.ActiveCfg = Release|Any CPU
		{899498D0-DB51-4AC1-BC62-1FDA5BDD7743}.Release|Any CPU.Build.0 = Release|Any CPU
	EndGlobalSection
	GlobalSection(SolutionProperties) = preSolution
		HideSolutionNode = FALSE
	EndGlobalSection
	GlobalSection(ExtensibilityGlobals) = postSolution
		SolutionGuid = {F6D18752-A95E-400D-9F95-3B6564CE7D60}
	EndGlobalSection
EndGlobal
